
Microsoft Visual Studio Solution File, Format Version 12.00
# Visual Studio 15
VisualStudioVersion = 15.0.28307.852
MinimumVisualStudioVersion = 10.0.40219.1
Project("{6989167D-11E4-40FE-8C1A-2192A86A7E90}") = "PhenologyMMS", "PhenologyMMS.vfproj", "{AA84D71C-B172-4889-827F-73A6444532C9}"
EndProject
Global
	GlobalSection(SolutionConfigurationPlatforms) = preSolution
		Debug|Win32 = Debug|Win32
		Release|Win32 = Release|Win32
	EndGlobalSection
	GlobalSection(ProjectConfigurationPlatforms) = postSolution
		{AA84D71C-B172-4889-827F-73A6444532C9}.Debug|Win32.ActiveCfg = Debug|Win32
		{AA84D71C-B172-4889-827F-73A6444532C9}.Debug|Win32.Build.0 = Debug|Win32
		{AA84D71C-B172-4889-827F-73A6444532C9}.Debug|Win32.Deploy.0 = Debug|Win32
		{AA84D71C-B172-4889-827F-73A6444532C9}.Release|Win32.ActiveCfg = Release|Win32
		{AA84D71C-B172-4889-827F-73A6444532C9}.Release|Win32.Build.0 = Release|Win32
	EndGlobalSection
	GlobalSection(SolutionProperties) = preSolution
		HideSolutionNode = FALSE
	EndGlobalSection
	GlobalSection(ExtensibilityGlobals) = postSolution
		SolutionGuid = {24D2C52B-F2DB-4C78-977E-AFD328595461}
	EndGlobalSection
EndGlobal
